
Microsoft Visual Studio Solution File, Format Version 12.00
# Visual Studio Version 17
VisualStudioVersion = 17.8.34525.116
MinimumVisualStudioVersion = 10.0.40219.1
Project("{FAE04EC0-301F-11D3-BF4B-00C04F79EFBC}") = "ASPNet8_Test_01", "ASPNet8_Test_01\ASPNet8_Test_01.csproj", "{0EB91F83-BADB-4082-B1D7-777A57568D98}"
EndProject
Global
	GlobalSection(SolutionConfigurationPlatforms) = preSolution
		Debug|Any CPU = Debug|Any CPU
		Release|Any CPU = Release|Any CPU
	EndGlobalSection
	GlobalSection(ProjectConfigurationPlatforms) = postSolution
		{0EB91F83-BADB-4082-B1D7-777A57568D98}.Debug|Any CPU.ActiveCfg = Debug|Any CPU
		{0EB91F83-BADB-4082-B1D7-777A57568D98}.Debug|Any CPU.Build.0 = Debug|Any CPU
		{0EB91F83-BADB-4082-B1D7-777A57568D98}.Release|Any CPU.ActiveCfg = Release|Any CPU
		{0EB91F83-BADB-4082-B1D7-777A57568D98}.Release|Any CPU.Build.0 = Release|Any CPU
	EndGlobalSection
	GlobalSection(SolutionProperties) = preSolution
		HideSolutionNode = FALSE
	EndGlobalSection
	GlobalSection(ExtensibilityGlobals) = postSolution
		SolutionGuid = {D3037B56-6919-4D7B-9133-EBBD4DEF2078}
	EndGlobalSection
EndGlobal
